{
    "_meta": {
        "hash": {
            "sha256": "21837411bdcdad022995bc8ce8a5e43b96a717ae7baa9cf0a19f4cc333b33b12"
        },
        "pipfile-spec": 6,
        "requires": {
            "python_version": "3.12"
        },
        "sources": [
            {
                "name": "pypi",
                "url": "https://pypi.tuna.tsinghua.edu.cn/simple/",
                "verify_ssl": true
            }
        ]
    },
    "default": {
        "customtkinter": {
            "hashes": [
                "sha256:14ad3e7cd3cb3b9eb642b9d4e8711ae80d3f79fb82545ad11258eeffb2e6b37c",
                "sha256:fd8db3bafa961c982ee6030dba80b4c2e25858630756b513986db19113d8d207"
            ],
            "markers": "python_version >= '3.7'",
            "version": "==5.2.2"
        },
        "darkdetect": {
            "hashes": [
                "sha256:a7509ccf517eaad92b31c214f593dbcf138ea8a43b2935406bbd565e15527a85",
                "sha256:b5428e1170263eb5dea44c25dc3895edd75e6f52300986353cd63533fe7df8b1"
            ],
            "markers": "python_version >= '3.6'",
            "version": "==0.8.0"
        },
        "packaging": {
            "hashes": [
                "sha256:00243ae351a257117b6a241061796684b084ed1c516a08c48a3f7e147a9d80b4",
                "sha256:2104df24f61f17179ac8459cda8138cd344967d3b4f0934afa582a6826963fc5",
                "sha256:4864f12a44c5447552820887745f0cba7babea53356b52c93b4547e56128f168",
                "sha256:51c9779f69ab1f6ed1a4d6d0e2f42e2e64b566955a5eff1f7f83bcab688035a4",
                "sha256:7b933851b1b13c75261dd365feb7ca91db8446fa35418b648ff8b79cabcd762d",
                "sha256:885e01b9dbe4913e5080fa516b8550d43ef38549088c63e6e8bb51cd25adea4a",
                "sha256:b36f1fef9334a5588b4166f8bcd26a14e521f2b55e6b9de3aaa80d3ff7a37529",
                "sha256:ecf921b33c620e357b1eed2ac3bc6313b1582874b0282d0773b6797b79cb0786"
            ],
            "markers": "python_version >= '3.8'",
            "version": "==26.0"
        },
        "startupdisk": {
            "editable": true,
            "path": "."
        }
    },
    "develop": {}
}
